schema: '2.0'
stages:
  load_data:
    cmd: python src/load_data.py --config=params.yaml
    deps:
    - path: data_given/WineQT.csv
      md5: b03c22cbdd89823c0ec32044c4826343
      size: 78057
    - path: src/get_data.py
      md5: d07384c0ba44fe08ec2f8f835d06dcac
      size: 621
    - path: src/load_data.py
      md5: 5fe6a9e2893c7600501cd2a81b15fe14
      size: 553
    outs:
    - path: data/raw/WineQT.csv
      md5: bcd581f8fa4b2608dc4be2ff513de75e
      size: 66889
  split_data:
    cmd: python src/split_data.py --config=params.yaml
    deps:
    - path: data/raw/WineQT.csv
      md5: bcd581f8fa4b2608dc4be2ff513de75e
      size: 66889
    - path: src/split_data.py
      md5: 4fc7efc30608d262ad73a99c92d6ba2f
      size: 965
    outs:
    - path: data/processed/test_WineQT.csv
      md5: ad7494c6f3cd2fb5aaf94c5dbbf1b8da
      size: 13591
    - path: data/processed/train_WineQT.csv
      md5: 0442324ba66cb220ff18599bbe7cb272
      size: 53444
  train_evaluate:
    cmd: python src/train_evaluate.py --config=params.yaml
    deps:
    - path: data/processed/test_WineQT.csv
      md5: ad7494c6f3cd2fb5aaf94c5dbbf1b8da
      size: 13591
    - path: data/processed/train_WineQT.csv
      md5: 0442324ba66cb220ff18599bbe7cb272
      size: 53444
    - path: src/train_evaluate.py
      md5: 03082871c8a46649059199d266a735f9
      size: 2314
    params:
      params.yaml:
        estimators.ElasticNet.params.alpha: 1
        estimators.ElasticNet.params.l1_ratio: 0.4
    outs:
    - path: report/params.json
      md5: ea8145608c042cf0cf4fe40ec605ab2b
      size: 39
    - path: report/scores.json
      md5: 369b42570be2e336b89ee0de684e1d59
      size: 96
    - path: saved_models/model.joblib
      md5: e09cf75ce5d1fa9d471b4cf89a74a282
      size: 1369
