schema: '2.0'
stages:
  load_data:
    cmd: python src/load_data.py --config=params.yaml
    deps:
    - path: data_given/WineQT.csv
      md5: b03c22cbdd89823c0ec32044c4826343
      size: 78057
    - path: src/get_data.py
      md5: d07384c0ba44fe08ec2f8f835d06dcac
      size: 621
    - path: src/load_data.py
      md5: 5fe6a9e2893c7600501cd2a81b15fe14
      size: 553
    outs:
    - path: data/raw/WineQT.csv
      md5: bcd581f8fa4b2608dc4be2ff513de75e
      size: 66889
  split_data:
    cmd: python src/split_data.py --config=params.yaml
    deps:
    - path: data/raw/WineQT.csv
      md5: bcd581f8fa4b2608dc4be2ff513de75e
      size: 66889
    - path: src/split_data.py
      md5: 12a3031b78094176d2357c341133a8ac
      size: 969
    outs:
    - path: data/processed/test_WineQT.csv
      md5: 24fe9128e23d56cb45a1b5e4bbbb48d2
      size: 14509
    - path: data/processed/train_WineQT.csv
      md5: f3066482c95afc28d27ef3109959a4fe
      size: 57133
  train_evaluate:
    cmd: python src/train_evaluate.py --config=params.yaml
    deps:
    - path: data/processed/test_WineQT.csv
      md5: 24fe9128e23d56cb45a1b5e4bbbb48d2
      size: 14509
    - path: data/processed/train_WineQT.csv
      md5: f3066482c95afc28d27ef3109959a4fe
      size: 57133
    - path: src/train_evaluate.py
      md5: 03082871c8a46649059199d266a735f9
      size: 2314
    params:
      params.yaml:
        estimators.ElasticNet.params.alpha: 1
        estimators.ElasticNet.params.l1_ratio: 0.4
    outs:
    - path: report/params.json
      md5: ea8145608c042cf0cf4fe40ec605ab2b
      size: 39
    - path: report/scores.json
      md5: 264bedb7f76e843b18c8c0cc4a70c515
      size: 96
    - path: saved_models/model.joblib
      md5: 31b828a13e371ad062870b464a905ec1
      size: 1393
